
Microsoft Visual Studio Solution File, Format Version 12.00
# Visual Studio Version 17
VisualStudioVersion = 17.1.32421.90
MinimumVisualStudioVersion = 10.0.40219.1
Project("{8BC9CEB8-8B4A-11D0-8D11-00A0C91BC942}") = "HW0_GCD4BigInt", "HW0\HW0\HW0.vcxproj", "{692D996D-2934-432B-B69C-79B88BCB9244}"
EndProject
Project("{8BC9CEB8-8B4A-11D0-8D11-00A0C91BC942}") = "HW0_Nonogram", "HW0\Nonogram\Nonogram.vcxproj", "{E23002E0-6533-443F-A712-3FE4EDD40883}"
EndProject
Project("{8BC9CEB8-8B4A-11D0-8D11-00A0C91BC942}") = "HW1_Calculator", "HW1_Calculator\HW1.vcxproj", "{B1005E2F-9555-400E-A2F3-D4207C685731}"
EndProject
Project("{8BC9CEB8-8B4A-11D0-8D11-00A0C91BC942}") = "HW1_DoubleLinkedQueues", "HW1_LinkedQueueOrTree\HW1_LinkedQueueOrTree.vcxproj", "{1CFBCE41-3F8D-437D-B5BA-34C90190F743}"
EndProject
Project("{FAE04EC0-301F-11D3-BF4B-00C04F79EFBC}") = "HandCompileProblems All", "HW1_HandCompileProblems\HandCompileProblems All.csproj", "{BE51929A-C0AF-45E3-A2DA-5C2953D703EA}"
EndProject
Project("{FAE04EC0-301F-11D3-BF4B-00C04F79EFBC}") = "ComplexityCurves", "ComplexityCurves\ComplexityCurves.csproj", "{0ADD2B0E-3838-4AD0-8661-D92A9D4E8ADC}"
EndProject
Project("{8BC9CEB8-8B4A-11D0-8D11-00A0C91BC942}") = "HW1_DoublyLinkedAdvancedLists", "HW1_DoublyLinkedAdvancedLists\HW1_DoublyLinkedAdvancedLists.vcxproj", "{7E89926A-54DF-425A-B732-71453875888C}"
EndProject
Project("{8BC9CEB8-8B4A-11D0-8D11-00A0C91BC942}") = "HW1_XORLinkedAdvancedLists", "HW1_XORLinkedAdvancedLists\HW1_XORLinkedAdvancedLists.vcxproj", "{4985C43B-D4E4-4225-A69E-A0524688BE24}"
EndProject
Project("{8BC9CEB8-8B4A-11D0-8D11-00A0C91BC942}") = "HWK2 P5 Naive", "HWK2 P5 Naive\HWK2 P5 Naive.vcxproj", "{A4B352D3-54A0-4098-89BF-E3B34F5C8A93}"
EndProject
Project("{8BC9CEB8-8B4A-11D0-8D11-00A0C91BC942}") = "HWK2P4 Naive", "HWK2P4 Naive\HWK2P4 Naive.vcxproj", "{B25E9E37-6DC7-4F46-AFEA-C33586547118}"
EndProject
Project("{8BC9CEB8-8B4A-11D0-8D11-00A0C91BC942}") = "HWK2P5Smart", "HWK2P5Smart\HWK2P5Smart.vcxproj", "{4736DCFB-BAB6-4049-9639-BAD636A90F2C}"
EndProject
Project("{8BC9CEB8-8B4A-11D0-8D11-00A0C91BC942}") = "HWK2 P5 Hierarchical Heap Solution", "HWK2 P5 Hierarchical Heap Solution\HWK2 P5 Hierarchical Heap Solution.vcxproj", "{F3083E7D-E2DD-4D19-9BD6-4952C4C00A13}"
EndProject
Project("{8BC9CEB8-8B4A-11D0-8D11-00A0C91BC942}") = "HWK2 P5 Primary and Extra Heaps With DataSets Stored", "HWK2 P5 Primary and Extra Heaps With DataSets Stored\HWK2 P5 Primary and Extra Heaps With DataSets Stored.vcxproj", "{BBF6CB9C-B633-4363-9B22-FC10CD039E62}"
EndProject
Project("{8BC9CEB8-8B4A-11D0-8D11-00A0C91BC942}") = "HWK2 P5 Hierarchical Heap for DataSets and Extra Heap", "HWK2 P5 Hierarchical Heap for DataSets and Extra Heap\HWK2 P5 Hierarchical Heap for DataSets and Extra Heap.vcxproj", "{4EEB93FC-2284-4C0B-85A6-4F08DD497FA8}"
EndProject
Project("{8BC9CEB8-8B4A-11D0-8D11-00A0C91BC942}") = "HWK3 P4 Study", "HWK3 P4 Study\HWK3 P4 Study.vcxproj", "{2A45FA4C-0381-48C8-AAE4-74D371EC2483}"
EndProject
Project("{8BC9CEB8-8B4A-11D0-8D11-00A0C91BC942}") = "HWK3 P5 Study", "HWK3 P5 Study\HWK3 P5 Study.vcxproj", "{0ADED86A-7CA8-45FC-86ED-72260EB34411}"
EndProject
Project("{8BC9CEB8-8B4A-11D0-8D11-00A0C91BC942}") = "HWK P5 RadixSort", "HWK P5 RadixSort\HWK P5 RadixSort.vcxproj", "{E9DD87D6-4C25-48EB-A8E1-29B04A451479}"
EndProject
Project("{8BC9CEB8-8B4A-11D0-8D11-00A0C91BC942}") = "HWK4 P4  SegmentTreap", "HWK4 P4 SegmentTreap\HWK4 P4 SegmentTreap.vcxproj", "{F27FC9F2-81DC-4955-BF3F-E39BD512F769}"
EndProject
Project("{FAE04EC0-301F-11D3-BF4B-00C04F79EFBC}") = "TreeHeapTest", "TreeHeapTest\TreeHeapTest.csproj", "{B2995C5B-FFEF-4F33-9505-C837A88A6C51}"
EndProject
Project("{8BC9CEB8-8B4A-11D0-8D11-00A0C91BC942}") = "HWK4 P4 XorList", "HWK4 P4 XorList\HWK4 P4 XorList.vcxproj", "{7C663020-E8A6-4EFF-85C3-B7892928FDBA}"
EndProject
Project("{8BC9CEB8-8B4A-11D0-8D11-00A0C91BC942}") = "HWK4 P3", "HWK4 P3\HWK4 P3.vcxproj", "{A391F965-324B-4BAE-BAB8-F081B3C9850D}"
EndProject
Project("{8BC9CEB8-8B4A-11D0-8D11-00A0C91BC942}") = "HWK4 P3 ArraySolution", "HWK4 P3 ArraySolution\HWK4 P3 ArraySolution.vcxproj", "{C0E99B2C-9792-4C55-9656-EEFE98088C3D}"
EndProject
Project("{8BC9CEB8-8B4A-11D0-8D11-00A0C91BC942}") = "HWK4 P3 Cheat", "HWK4 P3 Cheat\HWK4 P3 Cheat.vcxproj", "{BDC271A8-0EF3-4DD1-B6DC-813EA3541BF4}"
EndProject
Project("{8BC9CEB8-8B4A-11D0-8D11-00A0C91BC942}") = "HWK4 P3 ArrayOfLinkingList", "HWK4 P3 TreeArray\HWK4 P3 TreeArray.vcxproj", "{12397F50-A420-474B-A06D-8632C370C3B3}"
EndProject
Project("{8BC9CEB8-8B4A-11D0-8D11-00A0C91BC942}") = "HWK4 P4 MergeSplitTreap", "HWK4 P4 MergeSplitTreap\HWK4 P4 MergeSplitTreap.vcxproj", "{BBD8636E-F2A6-4E37-8D6A-9A547D0489F9}"
EndProject
Global
	GlobalSection(SolutionConfigurationPlatforms) = preSolution
		Debug|Any CPU = Debug|Any CPU
		Debug|x64 = Debug|x64
		Debug|x86 = Debug|x86
		Release|Any CPU = Release|Any CPU
		Release|x64 = Release|x64
		Release|x86 = Release|x86
	EndGlobalSection
	GlobalSection(ProjectConfigurationPlatforms) = postSolution
		{692D996D-2934-432B-B69C-79B88BCB9244}.Debug|Any CPU.ActiveCfg = Debug|Win32
		{692D996D-2934-432B-B69C-79B88BCB9244}.Debug|x64.ActiveCfg = Debug|x64
		{692D996D-2934-432B-B69C-79B88BCB9244}.Debug|x64.Build.0 = Debug|x64
		{692D996D-2934-432B-B69C-79B88BCB9244}.Debug|x86.ActiveCfg = Debug|Win32
		{692D996D-2934-432B-B69C-79B88BCB9244}.Debug|x86.Build.0 = Debug|Win32
		{692D996D-2934-432B-B69C-79B88BCB9244}.Release|Any CPU.ActiveCfg = Release|Win32
		{692D996D-2934-432B-B69C-79B88BCB9244}.Release|x64.ActiveCfg = Release|x64
		{692D996D-2934-432B-B69C-79B88BCB9244}.Release|x64.Build.0 = Release|x64
		{692D996D-2934-432B-B69C-79B88BCB9244}.Release|x86.ActiveCfg = Release|Win32
		{692D996D-2934-432B-B69C-79B88BCB9244}.Release|x86.Build.0 = Release|Win32
		{E23002E0-6533-443F-A712-3FE4EDD40883}.Debug|Any CPU.ActiveCfg = Debug|Win32
		{E23002E0-6533-443F-A712-3FE4EDD40883}.Debug|x64.ActiveCfg = Debug|x64
		{E23002E0-6533-443F-A712-3FE4EDD40883}.Debug|x64.Build.0 = Debug|x64
		{E23002E0-6533-443F-A712-3FE4EDD40883}.Debug|x86.ActiveCfg = Debug|Win32
		{E23002E0-6533-443F-A712-3FE4EDD40883}.Debug|x86.Build.0 = Debug|Win32
		{E23002E0-6533-443F-A712-3FE4EDD40883}.Release|Any CPU.ActiveCfg = Release|Win32
		{E23002E0-6533-443F-A712-3FE4EDD40883}.Release|x64.ActiveCfg = Release|x64
		{E23002E0-6533-443F-A712-3FE4EDD40883}.Release|x64.Build.0 = Release|x64
		{E23002E0-6533-443F-A712-3FE4EDD40883}.Release|x86.ActiveCfg = Release|Win32
		{E23002E0-6533-443F-A712-3FE4EDD40883}.Release|x86.Build.0 = Release|Win32
		{B1005E2F-9555-400E-A2F3-D4207C685731}.Debug|Any CPU.ActiveCfg = Debug|Win32
		{B1005E2F-9555-400E-A2F3-D4207C685731}.Debug|x64.ActiveCfg = Debug|x64
		{B1005E2F-9555-400E-A2F3-D4207C685731}.Debug|x64.Build.0 = Debug|x64
		{B1005E2F-9555-400E-A2F3-D4207C685731}.Debug|x86.ActiveCfg = Debug|Win32
		{B1005E2F-9555-400E-A2F3-D4207C685731}.Debug|x86.Build.0 = Debug|Win32
		{B1005E2F-9555-400E-A2F3-D4207C685731}.Release|Any CPU.ActiveCfg = Release|Win32
		{B1005E2F-9555-400E-A2F3-D4207C685731}.Release|x64.ActiveCfg = Release|x64
		{B1005E2F-9555-400E-A2F3-D4207C685731}.Release|x64.Build.0 = Release|x64
		{B1005E2F-9555-400E-A2F3-D4207C685731}.Release|x86.ActiveCfg = Release|Win32
		{B1005E2F-9555-400E-A2F3-D4207C685731}.Release|x86.Build.0 = Release|Win32
		{1CFBCE41-3F8D-437D-B5BA-34C90190F743}.Debug|Any CPU.ActiveCfg = Debug|Win32
		{1CFBCE41-3F8D-437D-B5BA-34C90190F743}.Debug|x64.ActiveCfg = Debug|x64
		{1CFBCE41-3F8D-437D-B5BA-34C90190F743}.Debug|x64.Build.0 = Debug|x64
		{1CFBCE41-3F8D-437D-B5BA-34C90190F743}.Debug|x86.ActiveCfg = Debug|Win32
		{1CFBCE41-3F8D-437D-B5BA-34C90190F743}.Debug|x86.Build.0 = Debug|Win32
		{1CFBCE41-3F8D-437D-B5BA-34C90190F743}.Release|Any CPU.ActiveCfg = Release|Win32
		{1CFBCE41-3F8D-437D-B5BA-34C90190F743}.Release|x64.ActiveCfg = Release|x64
		{1CFBCE41-3F8D-437D-B5BA-34C90190F743}.Release|x64.Build.0 = Release|x64
		{1CFBCE41-3F8D-437D-B5BA-34C90190F743}.Release|x86.ActiveCfg = Release|Win32
		{1CFBCE41-3F8D-437D-B5BA-34C90190F743}.Release|x86.Build.0 = Release|Win32
		{BE51929A-C0AF-45E3-A2DA-5C2953D703EA}.Debug|Any CPU.ActiveCfg = Debug|Any CPU
		{BE51929A-C0AF-45E3-A2DA-5C2953D703EA}.Debug|Any CPU.Build.0 = Debug|Any CPU
		{BE51929A-C0AF-45E3-A2DA-5C2953D703EA}.Debug|x64.ActiveCfg = Debug|Any CPU
		{BE51929A-C0AF-45E3-A2DA-5C2953D703EA}.Debug|x64.Build.0 = Debug|Any CPU
		{BE51929A-C0AF-45E3-A2DA-5C2953D703EA}.Debug|x86.ActiveCfg = Debug|Any CPU
		{BE51929A-C0AF-45E3-A2DA-5C2953D703EA}.Debug|x86.Build.0 = Debug|Any CPU
		{BE51929A-C0AF-45E3-A2DA-5C2953D703EA}.Release|Any CPU.ActiveCfg = Release|Any CPU
		{BE51929A-C0AF-45E3-A2DA-5C2953D703EA}.Release|Any CPU.Build.0 = Release|Any CPU
		{BE51929A-C0AF-45E3-A2DA-5C2953D703EA}.Release|x64.ActiveCfg = Release|Any CPU
		{BE51929A-C0AF-45E3-A2DA-5C2953D703EA}.Release|x64.Build.0 = Release|Any CPU
		{BE51929A-C0AF-45E3-A2DA-5C2953D703EA}.Release|x86.ActiveCfg = Release|Any CPU
		{BE51929A-C0AF-45E3-A2DA-5C2953D703EA}.Release|x86.Build.0 = Release|Any CPU
		{0ADD2B0E-3838-4AD0-8661-D92A9D4E8ADC}.Debug|Any CPU.ActiveCfg = Debug|Any CPU
		{0ADD2B0E-3838-4AD0-8661-D92A9D4E8ADC}.Debug|Any CPU.Build.0 = Debug|Any CPU
		{0ADD2B0E-3838-4AD0-8661-D92A9D4E8ADC}.Debug|x64.ActiveCfg = Debug|Any CPU
		{0ADD2B0E-3838-4AD0-8661-D92A9D4E8ADC}.Debug|x64.Build.0 = Debug|Any CPU
		{0ADD2B0E-3838-4AD0-8661-D92A9D4E8ADC}.Debug|x86.ActiveCfg = Debug|Any CPU
		{0ADD2B0E-3838-4AD0-8661-D92A9D4E8ADC}.Debug|x86.Build.0 = Debug|Any CPU
		{0ADD2B0E-3838-4AD0-8661-D92A9D4E8ADC}.Release|Any CPU.ActiveCfg = Release|Any CPU
		{0ADD2B0E-3838-4AD0-8661-D92A9D4E8ADC}.Release|Any CPU.Build.0 = Release|Any CPU
		{0ADD2B0E-3838-4AD0-8661-D92A9D4E8ADC}.Release|x64.ActiveCfg = Release|Any CPU
		{0ADD2B0E-3838-4AD0-8661-D92A9D4E8ADC}.Release|x64.Build.0 = Release|Any CPU
		{0ADD2B0E-3838-4AD0-8661-D92A9D4E8ADC}.Release|x86.ActiveCfg = Release|Any CPU
		{0ADD2B0E-3838-4AD0-8661-D92A9D4E8ADC}.Release|x86.Build.0 = Release|Any CPU
		{7E89926A-54DF-425A-B732-71453875888C}.Debug|Any CPU.ActiveCfg = Debug|Win32
		{7E89926A-54DF-425A-B732-71453875888C}.Debug|x64.ActiveCfg = Debug|x64
		{7E89926A-54DF-425A-B732-71453875888C}.Debug|x64.Build.0 = Debug|x64
		{7E89926A-54DF-425A-B732-71453875888C}.Debug|x86.ActiveCfg = Debug|Win32
		{7E89926A-54DF-425A-B732-71453875888C}.Debug|x86.Build.0 = Debug|Win32
		{7E89926A-54DF-425A-B732-71453875888C}.Release|Any CPU.ActiveCfg = Release|Win32
		{7E89926A-54DF-425A-B732-71453875888C}.Release|x64.ActiveCfg = Release|x64
		{7E89926A-54DF-425A-B732-71453875888C}.Release|x64.Build.0 = Release|x64
		{7E89926A-54DF-425A-B732-71453875888C}.Release|x86.ActiveCfg = Release|Win32
		{7E89926A-54DF-425A-B732-71453875888C}.Release|x86.Build.0 = Release|Win32
		{4985C43B-D4E4-4225-A69E-A0524688BE24}.Debug|Any CPU.ActiveCfg = Debug|Win32
		{4985C43B-D4E4-4225-A69E-A0524688BE24}.Debug|x64.ActiveCfg = Debug|x64
		{4985C43B-D4E4-4225-A69E-A0524688BE24}.Debug|x64.Build.0 = Debug|x64
		{4985C43B-D4E4-4225-A69E-A0524688BE24}.Debug|x86.ActiveCfg = Debug|Win32
		{4985C43B-D4E4-4225-A69E-A0524688BE24}.Debug|x86.Build.0 = Debug|Win32
		{4985C43B-D4E4-4225-A69E-A0524688BE24}.Release|Any CPU.ActiveCfg = Release|Win32
		{4985C43B-D4E4-4225-A69E-A0524688BE24}.Release|x64.ActiveCfg = Release|x64
		{4985C43B-D4E4-4225-A69E-A0524688BE24}.Release|x64.Build.0 = Release|x64
		{4985C43B-D4E4-4225-A69E-A0524688BE24}.Release|x86.ActiveCfg = Release|Win32
		{4985C43B-D4E4-4225-A69E-A0524688BE24}.Release|x86.Build.0 = Release|Win32
		{A4B352D3-54A0-4098-89BF-E3B34F5C8A93}.Debug|Any CPU.ActiveCfg = Debug|Win32
		{A4B352D3-54A0-4098-89BF-E3B34F5C8A93}.Debug|x64.ActiveCfg = Debug|x64
		{A4B352D3-54A0-4098-89BF-E3B34F5C8A93}.Debug|x64.Build.0 = Debug|x64
		{A4B352D3-54A0-4098-89BF-E3B34F5C8A93}.Debug|x86.ActiveCfg = Debug|Win32
		{A4B352D3-54A0-4098-89BF-E3B34F5C8A93}.Debug|x86.Build.0 = Debug|Win32
		{A4B352D3-54A0-4098-89BF-E3B34F5C8A93}.Release|Any CPU.ActiveCfg = Release|Win32
		{A4B352D3-54A0-4098-89BF-E3B34F5C8A93}.Release|x64.ActiveCfg = Release|x64
		{A4B352D3-54A0-4098-89BF-E3B34F5C8A93}.Release|x64.Build.0 = Release|x64
		{A4B352D3-54A0-4098-89BF-E3B34F5C8A93}.Release|x86.ActiveCfg = Release|Win32
		{A4B352D3-54A0-4098-89BF-E3B34F5C8A93}.Release|x86.Build.0 = Release|Win32
		{B25E9E37-6DC7-4F46-AFEA-C33586547118}.Debug|Any CPU.ActiveCfg = Debug|Win32
		{B25E9E37-6DC7-4F46-AFEA-C33586547118}.Debug|x64.ActiveCfg = Debug|x64
		{B25E9E37-6DC7-4F46-AFEA-C33586547118}.Debug|x64.Build.0 = Debug|x64
		{B25E9E37-6DC7-4F46-AFEA-C33586547118}.Debug|x86.ActiveCfg = Debug|Win32
		{B25E9E37-6DC7-4F46-AFEA-C33586547118}.Debug|x86.Build.0 = Debug|Win32
		{B25E9E37-6DC7-4F46-AFEA-C33586547118}.Release|Any CPU.ActiveCfg = Release|Win32
		{B25E9E37-6DC7-4F46-AFEA-C33586547118}.Release|x64.ActiveCfg = Release|x64
		{B25E9E37-6DC7-4F46-AFEA-C33586547118}.Release|x64.Build.0 = Release|x64
		{B25E9E37-6DC7-4F46-AFEA-C33586547118}.Release|x86.ActiveCfg = Release|Win32
		{B25E9E37-6DC7-4F46-AFEA-C33586547118}.Release|x86.Build.0 = Release|Win32
		{4736DCFB-BAB6-4049-9639-BAD636A90F2C}.Debug|Any CPU.ActiveCfg = Debug|Win32
		{4736DCFB-BAB6-4049-9639-BAD636A90F2C}.Debug|x64.ActiveCfg = Debug|x64
		{4736DCFB-BAB6-4049-9639-BAD636A90F2C}.Debug|x64.Build.0 = Debug|x64
		{4736DCFB-BAB6-4049-9639-BAD636A90F2C}.Debug|x86.ActiveCfg = Debug|Win32
		{4736DCFB-BAB6-4049-9639-BAD636A90F2C}.Debug|x86.Build.0 = Debug|Win32
		{4736DCFB-BAB6-4049-9639-BAD636A90F2C}.Release|Any CPU.ActiveCfg = Release|Win32
		{4736DCFB-BAB6-4049-9639-BAD636A90F2C}.Release|x64.ActiveCfg = Release|x64
		{4736DCFB-BAB6-4049-9639-BAD636A90F2C}.Release|x64.Build.0 = Release|x64
		{4736DCFB-BAB6-4049-9639-BAD636A90F2C}.Release|x86.ActiveCfg = Release|Win32
		{4736DCFB-BAB6-4049-9639-BAD636A90F2C}.Release|x86.Build.0 = Release|Win32
		{F3083E7D-E2DD-4D19-9BD6-4952C4C00A13}.Debug|Any CPU.ActiveCfg = Debug|Win32
		{F3083E7D-E2DD-4D19-9BD6-4952C4C00A13}.Debug|x64.ActiveCfg = Debug|x64
		{F3083E7D-E2DD-4D19-9BD6-4952C4C00A13}.Debug|x64.Build.0 = Debug|x64
		{F3083E7D-E2DD-4D19-9BD6-4952C4C00A13}.Debug|x86.ActiveCfg = Debug|Win32
		{F3083E7D-E2DD-4D19-9BD6-4952C4C00A13}.Debug|x86.Build.0 = Debug|Win32
		{F3083E7D-E2DD-4D19-9BD6-4952C4C00A13}.Release|Any CPU.ActiveCfg = Release|Win32
		{F3083E7D-E2DD-4D19-9BD6-4952C4C00A13}.Release|x64.ActiveCfg = Release|x64
		{F3083E7D-E2DD-4D19-9BD6-4952C4C00A13}.Release|x64.Build.0 = Release|x64
		{F3083E7D-E2DD-4D19-9BD6-4952C4C00A13}.Release|x86.ActiveCfg = Release|Win32
		{F3083E7D-E2DD-4D19-9BD6-4952C4C00A13}.Release|x86.Build.0 = Release|Win32
		{BBF6CB9C-B633-4363-9B22-FC10CD039E62}.Debug|Any CPU.ActiveCfg = Debug|Win32
		{BBF6CB9C-B633-4363-9B22-FC10CD039E62}.Debug|x64.ActiveCfg = Debug|x64
		{BBF6CB9C-B633-4363-9B22-FC10CD039E62}.Debug|x64.Build.0 = Debug|x64
		{BBF6CB9C-B633-4363-9B22-FC10CD039E62}.Debug|x86.ActiveCfg = Debug|Win32
		{BBF6CB9C-B633-4363-9B22-FC10CD039E62}.Debug|x86.Build.0 = Debug|Win32
		{BBF6CB9C-B633-4363-9B22-FC10CD039E62}.Release|Any CPU.ActiveCfg = Release|Win32
		{BBF6CB9C-B633-4363-9B22-FC10CD039E62}.Release|x64.ActiveCfg = Release|x64
		{BBF6CB9C-B633-4363-9B22-FC10CD039E62}.Release|x64.Build.0 = Release|x64
		{BBF6CB9C-B633-4363-9B22-FC10CD039E62}.Release|x86.ActiveCfg = Release|Win32
		{BBF6CB9C-B633-4363-9B22-FC10CD039E62}.Release|x86.Build.0 = Release|Win32
		{4EEB93FC-2284-4C0B-85A6-4F08DD497FA8}.Debug|Any CPU.ActiveCfg = Debug|Win32
		{4EEB93FC-2284-4C0B-85A6-4F08DD497FA8}.Debug|x64.ActiveCfg = Debug|x64
		{4EEB93FC-2284-4C0B-85A6-4F08DD497FA8}.Debug|x64.Build.0 = Debug|x64
		{4EEB93FC-2284-4C0B-85A6-4F08DD497FA8}.Debug|x86.ActiveCfg = Debug|Win32
		{4EEB93FC-2284-4C0B-85A6-4F08DD497FA8}.Debug|x86.Build.0 = Debug|Win32
		{4EEB93FC-2284-4C0B-85A6-4F08DD497FA8}.Release|Any CPU.ActiveCfg = Release|Win32
		{4EEB93FC-2284-4C0B-85A6-4F08DD497FA8}.Release|x64.ActiveCfg = Release|x64
		{4EEB93FC-2284-4C0B-85A6-4F08DD497FA8}.Release|x64.Build.0 = Release|x64
		{4EEB93FC-2284-4C0B-85A6-4F08DD497FA8}.Release|x86.ActiveCfg = Release|Win32
		{4EEB93FC-2284-4C0B-85A6-4F08DD497FA8}.Release|x86.Build.0 = Release|Win32
		{2A45FA4C-0381-48C8-AAE4-74D371EC2483}.Debug|Any CPU.ActiveCfg = Debug|Win32
		{2A45FA4C-0381-48C8-AAE4-74D371EC2483}.Debug|x64.ActiveCfg = Debug|x64
		{2A45FA4C-0381-48C8-AAE4-74D371EC2483}.Debug|x64.Build.0 = Debug|x64
		{2A45FA4C-0381-48C8-AAE4-74D371EC2483}.Debug|x86.ActiveCfg = Debug|Win32
		{2A45FA4C-0381-48C8-AAE4-74D371EC2483}.Debug|x86.Build.0 = Debug|Win32
		{2A45FA4C-0381-48C8-AAE4-74D371EC2483}.Release|Any CPU.ActiveCfg = Release|Win32
		{2A45FA4C-0381-48C8-AAE4-74D371EC2483}.Release|x64.ActiveCfg = Release|x64
		{2A45FA4C-0381-48C8-AAE4-74D371EC2483}.Release|x64.Build.0 = Release|x64
		{2A45FA4C-0381-48C8-AAE4-74D371EC2483}.Release|x86.ActiveCfg = Release|Win32
		{2A45FA4C-0381-48C8-AAE4-74D371EC2483}.Release|x86.Build.0 = Release|Win32
		{0ADED86A-7CA8-45FC-86ED-72260EB34411}.Debug|Any CPU.ActiveCfg = Debug|x64
		{0ADED86A-7CA8-45FC-86ED-72260EB34411}.Debug|Any CPU.Build.0 = Debug|x64
		{0ADED86A-7CA8-45FC-86ED-72260EB34411}.Debug|x64.ActiveCfg = Debug|x64
		{0ADED86A-7CA8-45FC-86ED-72260EB34411}.Debug|x64.Build.0 = Debug|x64
		{0ADED86A-7CA8-45FC-86ED-72260EB34411}.Debug|x86.ActiveCfg = Debug|Win32
		{0ADED86A-7CA8-45FC-86ED-72260EB34411}.Debug|x86.Build.0 = Debug|Win32
		{0ADED86A-7CA8-45FC-86ED-72260EB34411}.Release|Any CPU.ActiveCfg = Release|x64
		{0ADED86A-7CA8-45FC-86ED-72260EB34411}.Release|Any CPU.Build.0 = Release|x64
		{0ADED86A-7CA8-45FC-86ED-72260EB34411}.Release|x64.ActiveCfg = Release|x64
		{0ADED86A-7CA8-45FC-86ED-72260EB34411}.Release|x64.Build.0 = Release|x64
		{0ADED86A-7CA8-45FC-86ED-72260EB34411}.Release|x86.ActiveCfg = Release|Win32
		{0ADED86A-7CA8-45FC-86ED-72260EB34411}.Release|x86.Build.0 = Release|Win32
		{E9DD87D6-4C25-48EB-A8E1-29B04A451479}.Debug|Any CPU.ActiveCfg = Debug|x64
		{E9DD87D6-4C25-48EB-A8E1-29B04A451479}.Debug|Any CPU.Build.0 = Debug|x64
		{E9DD87D6-4C25-48EB-A8E1-29B04A451479}.Debug|x64.ActiveCfg = Debug|x64
		{E9DD87D6-4C25-48EB-A8E1-29B04A451479}.Debug|x64.Build.0 = Debug|x64
		{E9DD87D6-4C25-48EB-A8E1-29B04A451479}.Debug|x86.ActiveCfg = Debug|Win32
		{E9DD87D6-4C25-48EB-A8E1-29B04A451479}.Debug|x86.Build.0 = Debug|Win32
		{E9DD87D6-4C25-48EB-A8E1-29B04A451479}.Release|Any CPU.ActiveCfg = Release|x64
		{E9DD87D6-4C25-48EB-A8E1-29B04A451479}.Release|Any CPU.Build.0 = Release|x64
		{E9DD87D6-4C25-48EB-A8E1-29B04A451479}.Release|x64.ActiveCfg = Release|x64
		{E9DD87D6-4C25-48EB-A8E1-29B04A451479}.Release|x64.Build.0 = Release|x64
		{E9DD87D6-4C25-48EB-A8E1-29B04A451479}.Release|x86.ActiveCfg = Release|Win32
		{E9DD87D6-4C25-48EB-A8E1-29B04A451479}.Release|x86.Build.0 = Release|Win32
		{F27FC9F2-81DC-4955-BF3F-E39BD512F769}.Debug|Any CPU.ActiveCfg = Debug|x64
		{F27FC9F2-81DC-4955-BF3F-E39BD512F769}.Debug|Any CPU.Build.0 = Debug|x64
		{F27FC9F2-81DC-4955-BF3F-E39BD512F769}.Debug|x64.ActiveCfg = Debug|x64
		{F27FC9F2-81DC-4955-BF3F-E39BD512F769}.Debug|x64.Build.0 = Debug|x64
		{F27FC9F2-81DC-4955-BF3F-E39BD512F769}.Debug|x86.ActiveCfg = Debug|Win32
		{F27FC9F2-81DC-4955-BF3F-E39BD512F769}.Debug|x86.Build.0 = Debug|Win32
		{F27FC9F2-81DC-4955-BF3F-E39BD512F769}.Release|Any CPU.ActiveCfg = Release|x64
		{F27FC9F2-81DC-4955-BF3F-E39BD512F769}.Release|Any CPU.Build.0 = Release|x64
		{F27FC9F2-81DC-4955-BF3F-E39BD512F769}.Release|x64.ActiveCfg = Release|x64
		{F27FC9F2-81DC-4955-BF3F-E39BD512F769}.Release|x64.Build.0 = Release|x64
		{F27FC9F2-81DC-4955-BF3F-E39BD512F769}.Release|x86.ActiveCfg = Release|Win32
		{F27FC9F2-81DC-4955-BF3F-E39BD512F769}.Release|x86.Build.0 = Release|Win32
		{B2995C5B-FFEF-4F33-9505-C837A88A6C51}.Debug|Any CPU.ActiveCfg = Debug|Any CPU
		{B2995C5B-FFEF-4F33-9505-C837A88A6C51}.Debug|Any CPU.Build.0 = Debug|Any CPU
		{B2995C5B-FFEF-4F33-9505-C837A88A6C51}.Debug|x64.ActiveCfg = Debug|Any CPU
		{B2995C5B-FFEF-4F33-9505-C837A88A6C51}.Debug|x64.Build.0 = Debug|Any CPU
		{B2995C5B-FFEF-4F33-9505-C837A88A6C51}.Debug|x86.ActiveCfg = Debug|Any CPU
		{B2995C5B-FFEF-4F33-9505-C837A88A6C51}.Debug|x86.Build.0 = Debug|Any CPU
		{B2995C5B-FFEF-4F33-9505-C837A88A6C51}.Release|Any CPU.ActiveCfg = Release|Any CPU
		{B2995C5B-FFEF-4F33-9505-C837A88A6C51}.Release|Any CPU.Build.0 = Release|Any CPU
		{B2995C5B-FFEF-4F33-9505-C837A88A6C51}.Release|x64.ActiveCfg = Release|Any CPU
		{B2995C5B-FFEF-4F33-9505-C837A88A6C51}.Release|x64.Build.0 = Release|Any CPU
		{B2995C5B-FFEF-4F33-9505-C837A88A6C51}.Release|x86.ActiveCfg = Release|Any CPU
		{B2995C5B-FFEF-4F33-9505-C837A88A6C51}.Release|x86.Build.0 = Release|Any CPU
		{7C663020-E8A6-4EFF-85C3-B7892928FDBA}.Debug|Any CPU.ActiveCfg = Debug|x64
		{7C663020-E8A6-4EFF-85C3-B7892928FDBA}.Debug|Any CPU.Build.0 = Debug|x64
		{7C663020-E8A6-4EFF-85C3-B7892928FDBA}.Debug|x64.ActiveCfg = Debug|x64
		{7C663020-E8A6-4EFF-85C3-B7892928FDBA}.Debug|x64.Build.0 = Debug|x64
		{7C663020-E8A6-4EFF-85C3-B7892928FDBA}.Debug|x86.ActiveCfg = Debug|Win32
		{7C663020-E8A6-4EFF-85C3-B7892928FDBA}.Debug|x86.Build.0 = Debug|Win32
		{7C663020-E8A6-4EFF-85C3-B7892928FDBA}.Release|Any CPU.ActiveCfg = Release|x64
		{7C663020-E8A6-4EFF-85C3-B7892928FDBA}.Release|Any CPU.Build.0 = Release|x64
		{7C663020-E8A6-4EFF-85C3-B7892928FDBA}.Release|x64.ActiveCfg = Release|x64
		{7C663020-E8A6-4EFF-85C3-B7892928FDBA}.Release|x64.Build.0 = Release|x64
		{7C663020-E8A6-4EFF-85C3-B7892928FDBA}.Release|x86.ActiveCfg = Release|Win32
		{7C663020-E8A6-4EFF-85C3-B7892928FDBA}.Release|x86.Build.0 = Release|Win32
		{A391F965-324B-4BAE-BAB8-F081B3C9850D}.Debug|Any CPU.ActiveCfg = Debug|x64
		{A391F965-324B-4BAE-BAB8-F081B3C9850D}.Debug|Any CPU.Build.0 = Debug|x64
		{A391F965-324B-4BAE-BAB8-F081B3C9850D}.Debug|x64.ActiveCfg = Debug|x64
		{A391F965-324B-4BAE-BAB8-F081B3C9850D}.Debug|x64.Build.0 = Debug|x64
		{A391F965-324B-4BAE-BAB8-F081B3C9850D}.Debug|x86.ActiveCfg = Debug|Win32
		{A391F965-324B-4BAE-BAB8-F081B3C9850D}.Debug|x86.Build.0 = Debug|Win32
		{A391F965-324B-4BAE-BAB8-F081B3C9850D}.Release|Any CPU.ActiveCfg = Release|x64
		{A391F965-324B-4BAE-BAB8-F081B3C9850D}.Release|Any CPU.Build.0 = Release|x64
		{A391F965-324B-4BAE-BAB8-F081B3C9850D}.Release|x64.ActiveCfg = Release|x64
		{A391F965-324B-4BAE-BAB8-F081B3C9850D}.Release|x64.Build.0 = Release|x64
		{A391F965-324B-4BAE-BAB8-F081B3C9850D}.Release|x86.ActiveCfg = Release|Win32
		{A391F965-324B-4BAE-BAB8-F081B3C9850D}.Release|x86.Build.0 = Release|Win32
		{C0E99B2C-9792-4C55-9656-EEFE98088C3D}.Debug|Any CPU.ActiveCfg = Debug|x64
		{C0E99B2C-9792-4C55-9656-EEFE98088C3D}.Debug|Any CPU.Build.0 = Debug|x64
		{C0E99B2C-9792-4C55-9656-EEFE98088C3D}.Debug|x64.ActiveCfg = Debug|x64
		{C0E99B2C-9792-4C55-9656-EEFE98088C3D}.Debug|x64.Build.0 = Debug|x64
		{C0E99B2C-9792-4C55-9656-EEFE98088C3D}.Debug|x86.ActiveCfg = Debug|Win32
		{C0E99B2C-9792-4C55-9656-EEFE98088C3D}.Debug|x86.Build.0 = Debug|Win32
		{C0E99B2C-9792-4C55-9656-EEFE98088C3D}.Release|Any CPU.ActiveCfg = Release|x64
		{C0E99B2C-9792-4C55-9656-EEFE98088C3D}.Release|Any CPU.Build.0 = Release|x64
		{C0E99B2C-9792-4C55-9656-EEFE98088C3D}.Release|x64.ActiveCfg = Release|x64
		{C0E99B2C-9792-4C55-9656-EEFE98088C3D}.Release|x64.Build.0 = Release|x64
		{C0E99B2C-9792-4C55-9656-EEFE98088C3D}.Release|x86.ActiveCfg = Release|Win32
		{C0E99B2C-9792-4C55-9656-EEFE98088C3D}.Release|x86.Build.0 = Release|Win32
		{BDC271A8-0EF3-4DD1-B6DC-813EA3541BF4}.Debug|Any CPU.ActiveCfg = Debug|x64
		{BDC271A8-0EF3-4DD1-B6DC-813EA3541BF4}.Debug|Any CPU.Build.0 = Debug|x64
		{BDC271A8-0EF3-4DD1-B6DC-813EA3541BF4}.Debug|x64.ActiveCfg = Debug|x64
		{BDC271A8-0EF3-4DD1-B6DC-813EA3541BF4}.Debug|x64.Build.0 = Debug|x64
		{BDC271A8-0EF3-4DD1-B6DC-813EA3541BF4}.Debug|x86.ActiveCfg = Debug|Win32
		{BDC271A8-0EF3-4DD1-B6DC-813EA3541BF4}.Debug|x86.Build.0 = Debug|Win32
		{BDC271A8-0EF3-4DD1-B6DC-813EA3541BF4}.Release|Any CPU.ActiveCfg = Release|x64
		{BDC271A8-0EF3-4DD1-B6DC-813EA3541BF4}.Release|Any CPU.Build.0 = Release|x64
		{BDC271A8-0EF3-4DD1-B6DC-813EA3541BF4}.Release|x64.ActiveCfg = Release|x64
		{BDC271A8-0EF3-4DD1-B6DC-813EA3541BF4}.Release|x64.Build.0 = Release|x64
		{BDC271A8-0EF3-4DD1-B6DC-813EA3541BF4}.Release|x86.ActiveCfg = Release|Win32
		{BDC271A8-0EF3-4DD1-B6DC-813EA3541BF4}.Release|x86.Build.0 = Release|Win32
		{12397F50-A420-474B-A06D-8632C370C3B3}.Debug|Any CPU.ActiveCfg = Debug|x64
		{12397F50-A420-474B-A06D-8632C370C3B3}.Debug|Any CPU.Build.0 = Debug|x64
		{12397F50-A420-474B-A06D-8632C370C3B3}.Debug|x64.ActiveCfg = Debug|x64
		{12397F50-A420-474B-A06D-8632C370C3B3}.Debug|x64.Build.0 = Debug|x64
		{12397F50-A420-474B-A06D-8632C370C3B3}.Debug|x86.ActiveCfg = Debug|Win32
		{12397F50-A420-474B-A06D-8632C370C3B3}.Debug|x86.Build.0 = Debug|Win32
		{12397F50-A420-474B-A06D-8632C370C3B3}.Release|Any CPU.ActiveCfg = Release|x64
		{12397F50-A420-474B-A06D-8632C370C3B3}.Release|Any CPU.Build.0 = Release|x64
		{12397F50-A420-474B-A06D-8632C370C3B3}.Release|x64.ActiveCfg = Release|x64
		{12397F50-A420-474B-A06D-8632C370C3B3}.Release|x64.Build.0 = Release|x64
		{12397F50-A420-474B-A06D-8632C370C3B3}.Release|x86.ActiveCfg = Release|Win32
		{12397F50-A420-474B-A06D-8632C370C3B3}.Release|x86.Build.0 = Release|Win32
		{BBD8636E-F2A6-4E37-8D6A-9A547D0489F9}.Debug|Any CPU.ActiveCfg = Debug|x64
		{BBD8636E-F2A6-4E37-8D6A-9A547D0489F9}.Debug|Any CPU.Build.0 = Debug|x64
		{BBD8636E-F2A6-4E37-8D6A-9A547D0489F9}.Debug|x64.ActiveCfg = Debug|x64
		{BBD8636E-F2A6-4E37-8D6A-9A547D0489F9}.Debug|x64.Build.0 = Debug|x64
		{BBD8636E-F2A6-4E37-8D6A-9A547D0489F9}.Debug|x86.ActiveCfg = Debug|Win32
		{BBD8636E-F2A6-4E37-8D6A-9A547D0489F9}.Debug|x86.Build.0 = Debug|Win32
		{BBD8636E-F2A6-4E37-8D6A-9A547D0489F9}.Release|Any CPU.ActiveCfg = Release|x64
		{BBD8636E-F2A6-4E37-8D6A-9A547D0489F9}.Release|Any CPU.Build.0 = Release|x64
		{BBD8636E-F2A6-4E37-8D6A-9A547D0489F9}.Release|x64.ActiveCfg = Release|x64
		{BBD8636E-F2A6-4E37-8D6A-9A547D0489F9}.Release|x64.Build.0 = Release|x64
		{BBD8636E-F2A6-4E37-8D6A-9A547D0489F9}.Release|x86.ActiveCfg = Release|Win32
		{BBD8636E-F2A6-4E37-8D6A-9A547D0489F9}.Release|x86.Build.0 = Release|Win32
	EndGlobalSection
	GlobalSection(SolutionProperties) = preSolution
		HideSolutionNode = FALSE
	EndGlobalSection
	GlobalSection(ExtensibilityGlobals) = postSolution
		SolutionGuid = {2752B3C1-0CA2-4D3B-AD85-F40BDD337AE5}
	EndGlobalSection
EndGlobal
