
Microsoft Visual Studio Solution File, Format Version 12.00
# Visual Studio Version 16
VisualStudioVersion = 16.0.32413.511
MinimumVisualStudioVersion = 10.0.40219.1
Project("{8BC9CEB8-8B4A-11D0-8D11-00A0C91BC942}") = "P3", "P3\P3.vcxproj", "{9699FEEE-7C35-49F4-B68D-EC5FC65ABA8A}"
EndProject
Project("{8BC9CEB8-8B4A-11D0-8D11-00A0C91BC942}") = "P4", "P4\P4.vcxproj", "{F8145F61-73F8-4DEA-A90D-C639808C4D96}"
EndProject
Project("{8BC9CEB8-8B4A-11D0-8D11-00A0C91BC942}") = "P3_Multiverse", "P3_Multiverse\P3_Multiverse.vcxproj", "{C7E3AB28-D9ED-46C7-9682-F85D9DE3CCF8}"
EndProject
Project("{8BC9CEB8-8B4A-11D0-8D11-00A0C91BC942}") = "P3_Multi_No_Compression", "P3_Multi_No_Compression\P3_Multi_No_Compression.vcxproj", "{5C602218-4A32-4103-8CE8-F7A0E0303247}"
EndProject
Project("{8BC9CEB8-8B4A-11D0-8D11-00A0C91BC942}") = "P3_REWRITE", "P3_REWRITE\P3_REWRITE.vcxproj", "{1F826F17-8091-4333-A6C9-8300C90CC49A}"
EndProject
Project("{8BC9CEB8-8B4A-11D0-8D11-00A0C91BC942}") = "P4_NICK", "P4_NICK\P4_NICK.vcxproj", "{68ED0FB4-4763-42BC-8DB2-1AA9361FDB3D}"
EndProject
Global
	GlobalSection(SolutionConfigurationPlatforms) = preSolution
		Debug|x64 = Debug|x64
		Debug|x86 = Debug|x86
		Release|x64 = Release|x64
		Release|x86 = Release|x86
	EndGlobalSection
	GlobalSection(ProjectConfigurationPlatforms) = postSolution
		{9699FEEE-7C35-49F4-B68D-EC5FC65ABA8A}.Debug|x64.ActiveCfg = Debug|x64
		{9699FEEE-7C35-49F4-B68D-EC5FC65ABA8A}.Debug|x64.Build.0 = Debug|x64
		{9699FEEE-7C35-49F4-B68D-EC5FC65ABA8A}.Debug|x86.ActiveCfg = Debug|Win32
		{9699FEEE-7C35-49F4-B68D-EC5FC65ABA8A}.Debug|x86.Build.0 = Debug|Win32
		{9699FEEE-7C35-49F4-B68D-EC5FC65ABA8A}.Release|x64.ActiveCfg = Release|x64
		{9699FEEE-7C35-49F4-B68D-EC5FC65ABA8A}.Release|x64.Build.0 = Release|x64
		{9699FEEE-7C35-49F4-B68D-EC5FC65ABA8A}.Release|x86.ActiveCfg = Release|Win32
		{9699FEEE-7C35-49F4-B68D-EC5FC65ABA8A}.Release|x86.Build.0 = Release|Win32
		{F8145F61-73F8-4DEA-A90D-C639808C4D96}.Debug|x64.ActiveCfg = Debug|x64
		{F8145F61-73F8-4DEA-A90D-C639808C4D96}.Debug|x64.Build.0 = Debug|x64
		{F8145F61-73F8-4DEA-A90D-C639808C4D96}.Debug|x86.ActiveCfg = Debug|Win32
		{F8145F61-73F8-4DEA-A90D-C639808C4D96}.Debug|x86.Build.0 = Debug|Win32
		{F8145F61-73F8-4DEA-A90D-C639808C4D96}.Release|x64.ActiveCfg = Release|x64
		{F8145F61-73F8-4DEA-A90D-C639808C4D96}.Release|x64.Build.0 = Release|x64
		{F8145F61-73F8-4DEA-A90D-C639808C4D96}.Release|x86.ActiveCfg = Release|Win32
		{F8145F61-73F8-4DEA-A90D-C639808C4D96}.Release|x86.Build.0 = Release|Win32
		{C7E3AB28-D9ED-46C7-9682-F85D9DE3CCF8}.Debug|x64.ActiveCfg = Debug|x64
		{C7E3AB28-D9ED-46C7-9682-F85D9DE3CCF8}.Debug|x64.Build.0 = Debug|x64
		{C7E3AB28-D9ED-46C7-9682-F85D9DE3CCF8}.Debug|x86.ActiveCfg = Debug|Win32
		{C7E3AB28-D9ED-46C7-9682-F85D9DE3CCF8}.Debug|x86.Build.0 = Debug|Win32
		{C7E3AB28-D9ED-46C7-9682-F85D9DE3CCF8}.Release|x64.ActiveCfg = Release|x64
		{C7E3AB28-D9ED-46C7-9682-F85D9DE3CCF8}.Release|x64.Build.0 = Release|x64
		{C7E3AB28-D9ED-46C7-9682-F85D9DE3CCF8}.Release|x86.ActiveCfg = Release|Win32
		{C7E3AB28-D9ED-46C7-9682-F85D9DE3CCF8}.Release|x86.Build.0 = Release|Win32
		{5C602218-4A32-4103-8CE8-F7A0E0303247}.Debug|x64.ActiveCfg = Debug|x64
		{5C602218-4A32-4103-8CE8-F7A0E0303247}.Debug|x64.Build.0 = Debug|x64
		{5C602218-4A32-4103-8CE8-F7A0E0303247}.Debug|x86.ActiveCfg = Debug|Win32
		{5C602218-4A32-4103-8CE8-F7A0E0303247}.Debug|x86.Build.0 = Debug|Win32
		{5C602218-4A32-4103-8CE8-F7A0E0303247}.Release|x64.ActiveCfg = Release|x64
		{5C602218-4A32-4103-8CE8-F7A0E0303247}.Release|x64.Build.0 = Release|x64
		{5C602218-4A32-4103-8CE8-F7A0E0303247}.Release|x86.ActiveCfg = Release|Win32
		{5C602218-4A32-4103-8CE8-F7A0E0303247}.Release|x86.Build.0 = Release|Win32
		{1F826F17-8091-4333-A6C9-8300C90CC49A}.Debug|x64.ActiveCfg = Debug|x64
		{1F826F17-8091-4333-A6C9-8300C90CC49A}.Debug|x64.Build.0 = Debug|x64
		{1F826F17-8091-4333-A6C9-8300C90CC49A}.Debug|x86.ActiveCfg = Debug|Win32
		{1F826F17-8091-4333-A6C9-8300C90CC49A}.Debug|x86.Build.0 = Debug|Win32
		{1F826F17-8091-4333-A6C9-8300C90CC49A}.Release|x64.ActiveCfg = Release|x64
		{1F826F17-8091-4333-A6C9-8300C90CC49A}.Release|x64.Build.0 = Release|x64
		{1F826F17-8091-4333-A6C9-8300C90CC49A}.Release|x86.ActiveCfg = Release|Win32
		{1F826F17-8091-4333-A6C9-8300C90CC49A}.Release|x86.Build.0 = Release|Win32
		{68ED0FB4-4763-42BC-8DB2-1AA9361FDB3D}.Debug|x64.ActiveCfg = Debug|x64
		{68ED0FB4-4763-42BC-8DB2-1AA9361FDB3D}.Debug|x64.Build.0 = Debug|x64
		{68ED0FB4-4763-42BC-8DB2-1AA9361FDB3D}.Debug|x86.ActiveCfg = Debug|Win32
		{68ED0FB4-4763-42BC-8DB2-1AA9361FDB3D}.Debug|x86.Build.0 = Debug|Win32
		{68ED0FB4-4763-42BC-8DB2-1AA9361FDB3D}.Release|x64.ActiveCfg = Release|x64
		{68ED0FB4-4763-42BC-8DB2-1AA9361FDB3D}.Release|x64.Build.0 = Release|x64
		{68ED0FB4-4763-42BC-8DB2-1AA9361FDB3D}.Release|x86.ActiveCfg = Release|Win32
		{68ED0FB4-4763-42BC-8DB2-1AA9361FDB3D}.Release|x86.Build.0 = Release|Win32
	EndGlobalSection
	GlobalSection(SolutionProperties) = preSolution
		HideSolutionNode = FALSE
	EndGlobalSection
	GlobalSection(ExtensibilityGlobals) = postSolution
		SolutionGuid = {C5446EA5-4697-459C-B3A8-7E361C97A5BE}
	EndGlobalSection
EndGlobal
