
Microsoft Visual Studio Solution File, Format Version 12.00
# Visual Studio Version 16
VisualStudioVersion = 16.0.32228.343
MinimumVisualStudioVersion = 10.0.40219.1
Project("{8BC9CEB8-8B4A-11D0-8D11-00A0C91BC942}") = "P4", "P4\P4.vcxproj", "{32DE0A04-C95B-4166-A6DA-62E670E2A77F}"
EndProject
Project("{8BC9CEB8-8B4A-11D0-8D11-00A0C91BC942}") = "P5", "P5\P5.vcxproj", "{1ECA42FE-4DC4-44CA-BAFE-9A1FF508411D}"
EndProject
Global
	GlobalSection(SolutionConfigurationPlatforms) = preSolution
		Debug|x64 = Debug|x64
		Debug|x86 = Debug|x86
		Release|x64 = Release|x64
		Release|x86 = Release|x86
	EndGlobalSection
	GlobalSection(ProjectConfigurationPlatforms) = postSolution
		{32DE0A04-C95B-4166-A6DA-62E670E2A77F}.Debug|x64.ActiveCfg = Debug|x64
		{32DE0A04-C95B-4166-A6DA-62E670E2A77F}.Debug|x64.Build.0 = Debug|x64
		{32DE0A04-C95B-4166-A6DA-62E670E2A77F}.Debug|x86.ActiveCfg = Debug|Win32
		{32DE0A04-C95B-4166-A6DA-62E670E2A77F}.Debug|x86.Build.0 = Debug|Win32
		{32DE0A04-C95B-4166-A6DA-62E670E2A77F}.Release|x64.ActiveCfg = Release|x64
		{32DE0A04-C95B-4166-A6DA-62E670E2A77F}.Release|x64.Build.0 = Release|x64
		{32DE0A04-C95B-4166-A6DA-62E670E2A77F}.Release|x86.ActiveCfg = Release|Win32
		{32DE0A04-C95B-4166-A6DA-62E670E2A77F}.Release|x86.Build.0 = Release|Win32
		{1ECA42FE-4DC4-44CA-BAFE-9A1FF508411D}.Debug|x64.ActiveCfg = Debug|x64
		{1ECA42FE-4DC4-44CA-BAFE-9A1FF508411D}.Debug|x64.Build.0 = Debug|x64
		{1ECA42FE-4DC4-44CA-BAFE-9A1FF508411D}.Debug|x86.ActiveCfg = Debug|Win32
		{1ECA42FE-4DC4-44CA-BAFE-9A1FF508411D}.Debug|x86.Build.0 = Debug|Win32
		{1ECA42FE-4DC4-44CA-BAFE-9A1FF508411D}.Release|x64.ActiveCfg = Release|x64
		{1ECA42FE-4DC4-44CA-BAFE-9A1FF508411D}.Release|x64.Build.0 = Release|x64
		{1ECA42FE-4DC4-44CA-BAFE-9A1FF508411D}.Release|x86.ActiveCfg = Release|Win32
		{1ECA42FE-4DC4-44CA-BAFE-9A1FF508411D}.Release|x86.Build.0 = Release|Win32
	EndGlobalSection
	GlobalSection(SolutionProperties) = preSolution
		HideSolutionNode = FALSE
	EndGlobalSection
	GlobalSection(ExtensibilityGlobals) = postSolution
		SolutionGuid = {D8BCBA24-FABC-4309-96A4-A257F64A5223}
	EndGlobalSection
EndGlobal
